schema: '2.0'
stages:
  data_ingestion:
    cmd: python src/data_ingestion.py
    deps:
    - path: src/data_ingestion.py
      hash: md5
      md5: 0f6c2f5341ee058ff6ecc3eb4b4b4a4e
      size: 3790
    params:
      params.yaml:
        data_ingestion.test_size: 0.1
    outs:
    - path: data/raw
      hash: md5
      md5: 2dd957c5dd3af3e374ebf28b269feaf5.dir
      size: 484846
      nfiles: 2
  data_preprocessing:
    cmd: python src/data_preprocessing.py
    deps:
    - path: data/raw
      hash: md5
      md5: 2dd957c5dd3af3e374ebf28b269feaf5.dir
      size: 484846
      nfiles: 2
    - path: src/data_preprocessing.py
      hash: md5
      md5: bbb7df415414392d578ed08d6c84fd55
      size: 3632
    outs:
    - path: data/interim
      hash: md5
      md5: 9dbd5af0cc1413b885a21f1f547572b3.dir
      size: 258536
      nfiles: 2
  feature_engineering:
    cmd: python src/feature_engineering.py
    deps:
    - path: data/interim
      hash: md5
      md5: 9dbd5af0cc1413b885a21f1f547572b3.dir
      size: 258536
      nfiles: 2
    - path: src/feature_engineering.py
      hash: md5
      md5: ce88360c680c3be575f743ec9745483e
      size: 4059
    params:
      params.yaml:
        feature_engineering.max_features: 50
    outs:
    - path: data/processed
      hash: md5
      md5: 43c39b7f5be3d3167be30818d3629dc2.dir
      size: 1174253
      nfiles: 2
  model_building:
    cmd: python src/model_building.py
    deps:
    - path: data/processed
      hash: md5
      md5: 43c39b7f5be3d3167be30818d3629dc2.dir
      size: 1174253
      nfiles: 2
    - path: src/model_building.py
      hash: md5
      md5: 12ddca3f56de2bdb1ef4c4391439f226
      size: 4016
    params:
      params.yaml:
        model_building.n_estimators: 25
        model_building.random_state: 42
    outs:
    - path: models/model.pkl
      hash: md5
      md5: 7b7b0e361202a5a10142d191d2e8fac2
      size: 1104695
  model_evaluation:
    cmd: python src/model_evaluation.py
    deps:
    - path: models/model.pkl
      hash: md5
      md5: 7b7b0e361202a5a10142d191d2e8fac2
      size: 1104695
    - path: src/model_evaluation.py
      hash: md5
      md5: de930a24789745ea447e8fc601a21011
      size: 4647
    outs:
    - path: reports/metrics.json
      hash: md5
      md5: c849f60ab6d535716e081578d25d64a2
      size: 145
